
Microsoft Visual Studio Solution File, Format Version 12.00
# Visual Studio Version 17
VisualStudioVersion = 17.8.34525.116
MinimumVisualStudioVersion = 10.0.40219.1
Project("{FAE04EC0-301F-11D3-BF4B-00C04F79EFBC}") = "ClipUp", "ClipUp\ClipUp.csproj", "{684A4266-475A-4BEE-86BB-C81A50212851}"
EndProject
Global
	GlobalSection(SolutionConfigurationPlatforms) = preSolution
		Debug|Any CPU = Debug|Any CPU
		Release|Any CPU = Release|Any CPU
	EndGlobalSection
	GlobalSection(ProjectConfigurationPlatforms) = postSolution
		{684A4266-475A-4BEE-86BB-C81A50212851}.Debug|Any CPU.ActiveCfg = Debug|Any CPU
		{684A4266-475A-4BEE-86BB-C81A50212851}.Debug|Any CPU.Build.0 = Debug|Any CPU
		{684A4266-475A-4BEE-86BB-C81A50212851}.Release|Any CPU.ActiveCfg = Release|Any CPU
		{684A4266-475A-4BEE-86BB-C81A50212851}.Release|Any CPU.Build.0 = Release|Any CPU
	EndGlobalSection
	GlobalSection(SolutionProperties) = preSolution
		HideSolutionNode = FALSE
	EndGlobalSection
	GlobalSection(ExtensibilityGlobals) = postSolution
		SolutionGuid = {445CC530-ADCF-4CA4-9BFB-E9E767E30FFE}
	EndGlobalSection
EndGlobal
